
Microsoft Visual Studio Solution File, Format Version 12.00
# Visual Studio Version 17
VisualStudioVersion = 17.1.32228.430
MinimumVisualStudioVersion = 10.0.40219.1
Project("{FAE04EC0-301F-11D3-BF4B-00C04F79EFBC}") = "OS.SwaggerUI.Exemple", "OS.SwaggerUI.Exemple\OS.SwaggerUI.Exemple.csproj", "{D46EDCE4-029F-45A5-816D-BD47CD7451C4}"
EndProject
Global
	GlobalSection(SolutionConfigurationPlatforms) = preSolution
		Debug|Any CPU = Debug|Any CPU
		Release|Any CPU = Release|Any CPU
	EndGlobalSection
	GlobalSection(ProjectConfigurationPlatforms) = postSolution
		{D46EDCE4-029F-45A5-816D-BD47CD7451C4}.Debug|Any CPU.ActiveCfg = Debug|Any CPU
		{D46EDCE4-029F-45A5-816D-BD47CD7451C4}.Debug|Any CPU.Build.0 = Debug|Any CPU
		{D46EDCE4-029F-45A5-816D-BD47CD7451C4}.Release|Any CPU.ActiveCfg = Release|Any CPU
		{D46EDCE4-029F-45A5-816D-BD47CD7451C4}.Release|Any CPU.Build.0 = Release|Any CPU
	EndGlobalSection
	GlobalSection(SolutionProperties) = preSolution
		HideSolutionNode = FALSE
	EndGlobalSection
	GlobalSection(ExtensibilityGlobals) = postSolution
		SolutionGuid = {85A590E8-398B-4C86-B20A-7FD4D8754B84}
	EndGlobalSection
EndGlobal
